<?xml version="1.0" encoding="utf-8"?>
<Project ToolsVersion="4.0" xmlns="http://schemas.microsoft.com/developer/msbuild/2003">
  <ItemGroup>
    <Filter Include="Source">
      <UniqueIdentifier>{7f5ac8a6-23cf-4f18-a327-2244f695634d}</UniqueIdentifier>
    </Filter>
    <Filter Include="HLSDK">
      <UniqueIdentifier>{08b7580f-a21d-4cf0-8897-6e38553af34f}</UniqueIdentifier>
    </Filter>
    <Filter Include="HLSDK\cl_dll">
      <UniqueIdentifier>{a87a897f-79e0-4bed-b2e2-7b71a0f00894}</UniqueIdentifier>
    </Filter>
    <Filter Include="HLSDK\common">
      <UniqueIdentifier>{c8478690-5541-43a8-93be-2eab59c2a100}</UniqueIdentifier>
    </Filter>
    <Filter Include="HLSDK\dlls">
      <UniqueIdentifier>{5ca759df-778b-45dc-bb44-b33f5df3f7a0}</UniqueIdentifier>
    </Filter>
    <Filter Include="HLSDK\engine">
      <UniqueIdentifier>{d5666766-4964-474e-9eab-3508fa4a3393}</UniqueIdentifier>
    </Filter>
    <Filter Include="HLSDK\pm_shared">
      <UniqueIdentifier>{d02dfda0-c7e9-4e60-aae4-271bf4e71e07}</UniqueIdentifier>
    </Filter>
    <Filter Include="MetaMod">
      <UniqueIdentifier>{75ead98a-6685-4532-b758-c4c61a699fc2}</UniqueIdentifier>
    </Filter>
    <Filter Include="Hydrogenium">
      <UniqueIdentifier>{02987c50-c87f-44d8-b8d3-2ee15b05ff04}</UniqueIdentifier>
    </Filter>
  </ItemGroup>
  <ItemGroup>
    <ClCompile Include="Plugin.cpp">
      <Filter>Source</Filter>
    </ClCompile>
    <ClCompile Include="Plugin.ixx">
      <Filter>Source</Filter>
    </ClCompile>
    <ClCompile Include="..\metamod-p\hlsdk\cl_dll\hud_iface.ixx">
      <Filter>HLSDK\cl_dll</Filter>
    </ClCompile>
    <ClCompile Include="..\metamod-p\hlsdk\cl_dll\wrect.ixx">
      <Filter>HLSDK\cl_dll</Filter>
    </ClCompile>
    <ClCompile Include="..\metamod-p\hlsdk\common\beamdef.ixx">
      <Filter>HLSDK\common</Filter>
    </ClCompile>
    <ClCompile Include="..\metamod-p\hlsdk\common\cl_entity.ixx">
      <Filter>HLSDK\common</Filter>
    </ClCompile>
    <ClCompile Include="..\metamod-p\hlsdk\common\com_model.ixx">
      <Filter>HLSDK\common</Filter>
    </ClCompile>
    <ClCompile Include="..\metamod-p\hlsdk\common\const_.ixx">
      <Filter>HLSDK\common</Filter>
    </ClCompile>
    <ClCompile Include="..\metamod-p\hlsdk\common\con_nprint.ixx">
      <Filter>HLSDK\common</Filter>
    </ClCompile>
    <ClCompile Include="..\metamod-p\hlsdk\common\crc.ixx">
      <Filter>HLSDK\common</Filter>
    </ClCompile>
    <ClCompile Include="..\metamod-p\hlsdk\common\cvardef.ixx">
      <Filter>HLSDK\common</Filter>
    </ClCompile>
    <ClCompile Include="..\metamod-p\hlsdk\common\demo_api.ixx">
      <Filter>HLSDK\common</Filter>
    </ClCompile>
    <ClCompile Include="..\metamod-p\hlsdk\common\director_cmds.ixx">
      <Filter>HLSDK\common</Filter>
    </ClCompile>
    <ClCompile Include="..\metamod-p\hlsdk\common\dlight.ixx">
      <Filter>HLSDK\common</Filter>
    </ClCompile>
    <ClCompile Include="..\metamod-p\hlsdk\common\dll_state.ixx">
      <Filter>HLSDK\common</Filter>
    </ClCompile>
    <ClCompile Include="..\metamod-p\hlsdk\common\engine_launcher_api.ixx">
      <Filter>HLSDK\common</Filter>
    </ClCompile>
    <ClCompile Include="..\metamod-p\hlsdk\common\entity_state.ixx">
      <Filter>HLSDK\common</Filter>
    </ClCompile>
    <ClCompile Include="..\metamod-p\hlsdk\common\entity_types.ixx">
      <Filter>HLSDK\common</Filter>
    </ClCompile>
    <ClCompile Include="..\metamod-p\hlsdk\common\event_api.ixx">
      <Filter>HLSDK\common</Filter>
    </ClCompile>
    <ClCompile Include="..\metamod-p\hlsdk\common\event_args.ixx">
      <Filter>HLSDK\common</Filter>
    </ClCompile>
    <ClCompile Include="..\metamod-p\hlsdk\common\event_flags.ixx">
      <Filter>HLSDK\common</Filter>
    </ClCompile>
    <ClCompile Include="..\metamod-p\hlsdk\common\exefuncs.ixx">
      <Filter>HLSDK\common</Filter>
    </ClCompile>
    <ClCompile Include="..\metamod-p\hlsdk\common\hltv.ixx">
      <Filter>HLSDK\common</Filter>
    </ClCompile>
    <ClCompile Include="..\metamod-p\hlsdk\common\in_buttons.ixx">
      <Filter>HLSDK\common</Filter>
    </ClCompile>
    <ClCompile Include="..\metamod-p\hlsdk\common\ivoicetweak.ixx">
      <Filter>HLSDK\common</Filter>
    </ClCompile>
    <ClCompile Include="..\metamod-p\hlsdk\common\mathlib.ixx">
      <Filter>HLSDK\common</Filter>
    </ClCompile>
    <ClCompile Include="..\metamod-p\hlsdk\common\netadr.ixx">
      <Filter>HLSDK\common</Filter>
    </ClCompile>
    <ClCompile Include="..\metamod-p\hlsdk\common\net_api.ixx">
      <Filter>HLSDK\common</Filter>
    </ClCompile>
    <ClCompile Include="..\metamod-p\hlsdk\common\particledef.ixx">
      <Filter>HLSDK\common</Filter>
    </ClCompile>
    <ClCompile Include="..\metamod-p\hlsdk\common\pmtrace.ixx">
      <Filter>HLSDK\common</Filter>
    </ClCompile>
    <ClCompile Include="..\metamod-p\hlsdk\common\qfont.ixx">
      <Filter>HLSDK\common</Filter>
    </ClCompile>
    <ClCompile Include="..\metamod-p\hlsdk\common\ref_params.ixx">
      <Filter>HLSDK\common</Filter>
    </ClCompile>
    <ClCompile Include="..\metamod-p\hlsdk\common\r_efx.ixx">
      <Filter>HLSDK\common</Filter>
    </ClCompile>
    <ClCompile Include="..\metamod-p\hlsdk\common\r_studioint.ixx">
      <Filter>HLSDK\common</Filter>
    </ClCompile>
    <ClCompile Include="..\metamod-p\hlsdk\common\screenfade.ixx">
      <Filter>HLSDK\common</Filter>
    </ClCompile>
    <ClCompile Include="..\metamod-p\hlsdk\common\studio_event.ixx">
      <Filter>HLSDK\common</Filter>
    </ClCompile>
    <ClCompile Include="..\metamod-p\hlsdk\common\triangleapi.ixx">
      <Filter>HLSDK\common</Filter>
    </ClCompile>
    <ClCompile Include="..\metamod-p\hlsdk\common\usercmd.ixx">
      <Filter>HLSDK\common</Filter>
    </ClCompile>
    <ClCompile Include="..\metamod-p\hlsdk\common\weaponinfo.ixx">
      <Filter>HLSDK\common</Filter>
    </ClCompile>
    <ClCompile Include="..\metamod-p\hlsdk\dlls\activity.ixx">
      <Filter>HLSDK\dlls</Filter>
    </ClCompile>
    <ClCompile Include="..\metamod-p\hlsdk\dlls\cdll_dll.ixx">
      <Filter>HLSDK\dlls</Filter>
    </ClCompile>
    <ClCompile Include="..\metamod-p\hlsdk\dlls\extdll.ixx">
      <Filter>HLSDK\dlls</Filter>
    </ClCompile>
    <ClCompile Include="..\metamod-p\hlsdk\dlls\monsterevent.ixx">
      <Filter>HLSDK\dlls</Filter>
    </ClCompile>
    <ClCompile Include="..\metamod-p\hlsdk\dlls\util.ixx">
      <Filter>HLSDK\dlls</Filter>
    </ClCompile>
    <ClCompile Include="..\metamod-p\hlsdk\dlls\vector.ixx">
      <Filter>HLSDK\dlls</Filter>
    </ClCompile>
    <ClCompile Include="..\metamod-p\hlsdk\engine\archtypes.ixx">
      <Filter>HLSDK\engine</Filter>
    </ClCompile>
    <ClCompile Include="..\metamod-p\hlsdk\engine\cdll_int.ixx">
      <Filter>HLSDK\engine</Filter>
    </ClCompile>
    <ClCompile Include="..\metamod-p\hlsdk\engine\custom.ixx">
      <Filter>HLSDK\engine</Filter>
    </ClCompile>
    <ClCompile Include="..\metamod-p\hlsdk\engine\customentity.ixx">
      <Filter>HLSDK\engine</Filter>
    </ClCompile>
    <ClCompile Include="..\metamod-p\hlsdk\engine\edict.ixx">
      <Filter>HLSDK\engine</Filter>
    </ClCompile>
    <ClCompile Include="..\metamod-p\hlsdk\engine\eiface.ixx">
      <Filter>HLSDK\engine</Filter>
    </ClCompile>
    <ClCompile Include="..\metamod-p\hlsdk\engine\keydefs.ixx">
      <Filter>HLSDK\engine</Filter>
    </ClCompile>
    <ClCompile Include="..\metamod-p\hlsdk\engine\progdefs.ixx">
      <Filter>HLSDK\engine</Filter>
    </ClCompile>
    <ClCompile Include="..\metamod-p\hlsdk\engine\progs.ixx">
      <Filter>HLSDK\engine</Filter>
    </ClCompile>
    <ClCompile Include="..\metamod-p\hlsdk\engine\Sequence.ixx">
      <Filter>HLSDK\engine</Filter>
    </ClCompile>
    <ClCompile Include="..\metamod-p\hlsdk\engine\shake.ixx">
      <Filter>HLSDK\engine</Filter>
    </ClCompile>
    <ClCompile Include="..\metamod-p\hlsdk\engine\sizebuf.ixx">
      <Filter>HLSDK\engine</Filter>
    </ClCompile>
    <ClCompile Include="..\metamod-p\hlsdk\engine\studio.ixx">
      <Filter>HLSDK\engine</Filter>
    </ClCompile>
    <ClCompile Include="..\metamod-p\hlsdk\pm_shared\pm_defs.ixx">
      <Filter>HLSDK\pm_shared</Filter>
    </ClCompile>
    <ClCompile Include="..\metamod-p\hlsdk\pm_shared\pm_info.ixx">
      <Filter>HLSDK\pm_shared</Filter>
    </ClCompile>
    <ClCompile Include="..\metamod-p\hlsdk\pm_shared\pm_materials.ixx">
      <Filter>HLSDK\pm_shared</Filter>
    </ClCompile>
    <ClCompile Include="..\metamod-p\hlsdk\pm_shared\pm_movevars.ixx">
      <Filter>HLSDK\pm_shared</Filter>
    </ClCompile>
    <ClCompile Include="..\metamod-p\hlsdk\pm_shared\pm_shared.ixx">
      <Filter>HLSDK\pm_shared</Filter>
    </ClCompile>
    <ClCompile Include="..\metamod-p\metamod\dllapi.ixx">
      <Filter>MetaMod</Filter>
    </ClCompile>
    <ClCompile Include="..\metamod-p\metamod\engine_api.ixx">
      <Filter>MetaMod</Filter>
    </ClCompile>
    <ClCompile Include="..\metamod-p\metamod\meta_api.ixx">
      <Filter>MetaMod</Filter>
    </ClCompile>
    <ClCompile Include="..\metamod-p\metamod\mutil.ixx">
      <Filter>MetaMod</Filter>
    </ClCompile>
    <ClCompile Include="..\metamod-p\metamod\plinfo.ixx">
      <Filter>MetaMod</Filter>
    </ClCompile>
    <ClCompile Include="..\Hydrogenium\UtlHook.ixx">
      <Filter>Hydrogenium</Filter>
    </ClCompile>
  </ItemGroup>
</Project>